
Microsoft Visual Studio Solution File, Format Version 12.00
# Visual Studio 2017
Project("{FAE04EC0-301F-11D3-BF4B-00C04F79EFBC}") = "roll a ball1", "roll a ball1.csproj", "{1DA9D6A0-CCD8-D9F6-E444-418B9F807608}"
EndProject
Global
	GlobalSection(SolutionConfigurationPlatforms) = preSolution
		Debug|Any CPU = Debug|Any CPU
		Release|Any CPU = Release|Any CPU
	EndGlobalSection
	GlobalSection(ProjectConfigurationPlatforms) = postSolution
		{1DA9D6A0-CCD8-D9F6-E444-418B9F807608}.Debug|Any CPU.ActiveCfg = Debug|Any CPU
		{1DA9D6A0-CCD8-D9F6-E444-418B9F807608}.Debug|Any CPU.Build.0 = Debug|Any CPU
		{1DA9D6A0-CCD8-D9F6-E444-418B9F807608}.Release|Any CPU.ActiveCfg = Release|Any CPU
		{1DA9D6A0-CCD8-D9F6-E444-418B9F807608}.Release|Any CPU.Build.0 = Release|Any CPU
	EndGlobalSection
	GlobalSection(SolutionProperties) = preSolution
		HideSolutionNode = FALSE
	EndGlobalSection
EndGlobal
